# THIS IS AN AUTOGENERATED FILE. DO NOT EDIT THIS FILE DIRECTLY.
# yarn lockfile v1


"@babel/parser@^7.20.15", "@babel/parser@^7.21.3":
  "integrity" "sha512-vvPKKdMemU85V9WE/l5wZEmImpCtLqbnTvqDS2U1fJ96KrxoW7KrXhNsNCblQlg8Ck4b85yxdTyelsMUgFUXiw=="
  "resolved" "https://registry.npmjs.org/@babel/parser/-/parser-7.23.0.tgz"
  "version" "7.23.0"

"@esbuild/darwin-arm64@0.18.20":
  "integrity" "sha512-bxRHW5kHU38zS2lPTPOyuyTm+S+eobPUnTNkdJEfAddYgEcll4xkT8DB9d2008DtTbl7uJag2HuE5NZAZgnNEA=="
  "resolved" "https://registry.npmjs.org/@esbuild/darwin-arm64/-/darwin-arm64-0.18.20.tgz"
  "version" "0.18.20"

"@fullcalendar/core@^6.1.9", "@fullcalendar/core@~6.1.9":
  "integrity" "sha512-eeG+z9BWerdsU9Ac6j16rpYpPnE0wxtnEHiHrh/u/ADbGTR3hCOjCD9PxQOfhOTHbWOVs7JQunGcksSPu5WZBQ=="
  "resolved" "https://registry.npmjs.org/@fullcalendar/core/-/core-6.1.9.tgz"
  "version" "6.1.9"
  dependencies:
    "preact" "~10.12.1"

"@fullcalendar/daygrid@^6.1.9":
  "integrity" "sha512-o/6joH/7lmVHXAkbaa/tUbzWYnGp/LgfdiFyYPkqQbjKEeivNZWF1WhHqFbhx0zbFONSHtrvkjY2bjr+Ef2quQ=="
  "resolved" "https://registry.npmjs.org/@fullcalendar/daygrid/-/daygrid-6.1.9.tgz"
  "version" "6.1.9"

"@fullcalendar/interaction@^6.1.9":
  "integrity" "sha512-I3FGnv0kKZpIwujg3HllbKrciNjTqeTYy3oJG226oAn7lV6wnrrDYMmuGmA0jPJAGN46HKrQqKN7ItxQRDec4Q=="
  "resolved" "https://registry.npmjs.org/@fullcalendar/interaction/-/interaction-6.1.9.tgz"
  "version" "6.1.9"

"@fullcalendar/vue3@^6.1.9":
  "integrity" "sha512-nuEEb/6uRhD0AH3PzU4Mtod3dD7S729nA1oYorMdCYMgUvXoHJlz2wOKK8w4LGZIn6K2R8Yzo8ol33ElBjHo3A=="
  "resolved" "https://registry.npmjs.org/@fullcalendar/vue3/-/vue3-6.1.9.tgz"
  "version" "6.1.9"

"@jridgewell/sourcemap-codec@^1.4.15":
  "integrity" "sha512-eF2rxCRulEKXHTRiDrDy6erMYWqNw4LPdQ8UQA4huuxaQsVeRPFl2oM8oDGxMFhJUWZf9McpLtJasDDZb/Bpeg=="
  "resolved" "https://registry.npmjs.org/@jridgewell/sourcemap-codec/-/sourcemap-codec-1.4.15.tgz"
  "version" "1.4.15"

"@kurkle/color@^0.3.0":
  "integrity" "sha512-fuscdXJ9G1qb7W8VdHi+IwRqij3lBkosAm4ydQtEmbY58OzHXqQhvlxqEkoz0yssNVn38bcpRWgA9PP+OGoisw=="
  "resolved" "https://registry.npmjs.org/@kurkle/color/-/color-0.3.2.tgz"
  "version" "0.3.2"

"@mdi/js@^7.2.96":
  "integrity" "sha512-MnRjknFqpTC6FifhGHjZ0+QYq2bAkZFQqIj8JA2AdPZbBxUvr8QSgB2yPAJ8/ob/XkR41xlg5majDR3c1JP1hw=="
  "resolved" "https://registry.npmjs.org/@mdi/js/-/js-7.3.67.tgz"
  "version" "7.3.67"

"@nodelib/fs.scandir@2.1.5":
  "integrity" "sha512-vq24Bq3ym5HEQm2NKCr3yXDwjc7vTsEThRDnkp2DK9p1uqLR+DHurm/NOTo0KG7HYHU7eppKZj3MyqYuMBf62g=="
  "resolved" "https://registry.npmjs.org/@nodelib/fs.scandir/-/fs.scandir-2.1.5.tgz"
  "version" "2.1.5"
  dependencies:
    "@nodelib/fs.stat" "2.0.5"
    "run-parallel" "^1.1.9"

"@nodelib/fs.stat@^2.0.2", "@nodelib/fs.stat@2.0.5":
  "integrity" "sha512-RkhPPp2zrqDAQA/2jNhnztcPAlv64XdhIp7a7454A5ovI7Bukxgt7MX7udwAu3zg1DcpPU0rz3VV1SeaqvY4+A=="
  "resolved" "https://registry.npmjs.org/@nodelib/fs.stat/-/fs.stat-2.0.5.tgz"
  "version" "2.0.5"

"@nodelib/fs.walk@^1.2.3":
  "integrity" "sha512-oGB+UxlgWcgQkgwo8GcEGwemoTFt3FIO9ababBmaGwXIoBKZ+GTy0pP185beGg7Llih/NSHSV2XAs1lnznocSg=="
  "resolved" "https://registry.npmjs.org/@nodelib/fs.walk/-/fs.walk-1.2.8.tgz"
  "version" "1.2.8"
  dependencies:
    "@nodelib/fs.scandir" "2.1.5"
    "fastq" "^1.6.0"

"@vitejs/plugin-vue@^4.3.4":
  "integrity" "sha512-xdguqb+VUwiRpSg+nsc2HtbAUSGak25DXYvpQQi4RVU1Xq1uworyoH/md9Rfd8zMmPR/pSghr309QNcftUVseg=="
  "resolved" "https://registry.npmjs.org/@vitejs/plugin-vue/-/plugin-vue-4.4.0.tgz"
  "version" "4.4.0"

"@vue/compiler-core@3.3.4":
  "integrity" "sha512-cquyDNvZ6jTbf/+x+AgM2Arrp6G4Dzbb0R64jiG804HRMfRiFXWI6kqUVqZ6ZR0bQhIoQjB4+2bhNtVwndW15g=="
  "resolved" "https://registry.npmjs.org/@vue/compiler-core/-/compiler-core-3.3.4.tgz"
  "version" "3.3.4"
  dependencies:
    "@babel/parser" "^7.21.3"
    "@vue/shared" "3.3.4"
    "estree-walker" "^2.0.2"
    "source-map-js" "^1.0.2"

"@vue/compiler-dom@3.3.4":
  "integrity" "sha512-wyM+OjOVpuUukIq6p5+nwHYtj9cFroz9cwkfmP9O1nzH68BenTTv0u7/ndggT8cIQlnBeOo6sUT/gvHcIkLA5w=="
  "resolved" "https://registry.npmjs.org/@vue/compiler-dom/-/compiler-dom-3.3.4.tgz"
  "version" "3.3.4"
  dependencies:
    "@vue/compiler-core" "3.3.4"
    "@vue/shared" "3.3.4"

"@vue/compiler-sfc@^3.3.4", "@vue/compiler-sfc@3.3.4":
  "integrity" "sha512-6y/d8uw+5TkCuzBkgLS0v3lSM3hJDntFEiUORM11pQ/hKvkhSKZrXW6i69UyXlJQisJxuUEJKAWEqWbWsLeNKQ=="
  "resolved" "https://registry.npmjs.org/@vue/compiler-sfc/-/compiler-sfc-3.3.4.tgz"
  "version" "3.3.4"
  dependencies:
    "@babel/parser" "^7.20.15"
    "@vue/compiler-core" "3.3.4"
    "@vue/compiler-dom" "3.3.4"
    "@vue/compiler-ssr" "3.3.4"
    "@vue/reactivity-transform" "3.3.4"
    "@vue/shared" "3.3.4"
    "estree-walker" "^2.0.2"
    "magic-string" "^0.30.0"
    "postcss" "^8.1.10"
    "source-map-js" "^1.0.2"

"@vue/compiler-ssr@3.3.4":
  "integrity" "sha512-m0v6oKpup2nMSehwA6Uuu+j+wEwcy7QmwMkVNVfrV9P2qE5KshC6RwOCq8fjGS/Eak/uNb8AaWekfiXxbBB6gQ=="
  "resolved" "https://registry.npmjs.org/@vue/compiler-ssr/-/compiler-ssr-3.3.4.tgz"
  "version" "3.3.4"
  dependencies:
    "@vue/compiler-dom" "3.3.4"
    "@vue/shared" "3.3.4"

"@vue/devtools-api@^6.0.0-beta.11", "@vue/devtools-api@^6.5.0":
  "integrity" "sha512-+KpckaAQyfbvshdDW5xQylLni1asvNSGme1JFs8I1+/H5pHEhqUKMEQD/qn3Nx5+/nycBq11qAEi8lk+LXI2dA=="
  "resolved" "https://registry.npmjs.org/@vue/devtools-api/-/devtools-api-6.5.1.tgz"
  "version" "6.5.1"

"@vue/reactivity-transform@3.3.4":
  "integrity" "sha512-MXgwjako4nu5WFLAjpBnCj/ieqcjE2aJBINUNQzkZQfzIZA4xn+0fV1tIYBJvvva3N3OvKGofRLvQIwEQPpaXw=="
  "resolved" "https://registry.npmjs.org/@vue/reactivity-transform/-/reactivity-transform-3.3.4.tgz"
  "version" "3.3.4"
  dependencies:
    "@babel/parser" "^7.20.15"
    "@vue/compiler-core" "3.3.4"
    "@vue/shared" "3.3.4"
    "estree-walker" "^2.0.2"
    "magic-string" "^0.30.0"

"@vue/reactivity@3.3.4":
  "integrity" "sha512-kLTDLwd0B1jG08NBF3R5rqULtv/f8x3rOFByTDz4J53ttIQEDmALqKqXY0J+XQeN0aV2FBxY8nJDf88yvOPAqQ=="
  "resolved" "https://registry.npmjs.org/@vue/reactivity/-/reactivity-3.3.4.tgz"
  "version" "3.3.4"
  dependencies:
    "@vue/shared" "3.3.4"

"@vue/runtime-core@3.3.4":
  "integrity" "sha512-R+bqxMN6pWO7zGI4OMlmvePOdP2c93GsHFM/siJI7O2nxFRzj55pLwkpCedEY+bTMgp5miZ8CxfIZo3S+gFqvA=="
  "resolved" "https://registry.npmjs.org/@vue/runtime-core/-/runtime-core-3.3.4.tgz"
  "version" "3.3.4"
  dependencies:
    "@vue/reactivity" "3.3.4"
    "@vue/shared" "3.3.4"

"@vue/runtime-dom@3.3.4":
  "integrity" "sha512-Aj5bTJ3u5sFsUckRghsNjVTtxZQ1OyMWCr5dZRAPijF/0Vy4xEoRCwLyHXcj4D0UFbJ4lbx3gPTgg06K/GnPnQ=="
  "resolved" "https://registry.npmjs.org/@vue/runtime-dom/-/runtime-dom-3.3.4.tgz"
  "version" "3.3.4"
  dependencies:
    "@vue/runtime-core" "3.3.4"
    "@vue/shared" "3.3.4"
    "csstype" "^3.1.1"

"@vue/server-renderer@3.3.4":
  "integrity" "sha512-Q6jDDzR23ViIb67v+vM1Dqntu+HUexQcsWKhhQa4ARVzxOY2HbC7QRW/ggkDBd5BU+uM1sV6XOAP0b216o34JQ=="
  "resolved" "https://registry.npmjs.org/@vue/server-renderer/-/server-renderer-3.3.4.tgz"
  "version" "3.3.4"
  dependencies:
    "@vue/compiler-ssr" "3.3.4"
    "@vue/shared" "3.3.4"

"@vue/shared@3.3.4":
  "integrity" "sha512-7OjdcV8vQ74eiz1TZLzZP4JwqM5fA94K6yntPS5Z25r9HDuGNzaGdgvwKYq6S+MxwF0TFRwe50fIR/MYnakdkQ=="
  "resolved" "https://registry.npmjs.org/@vue/shared/-/shared-3.3.4.tgz"
  "version" "3.3.4"

"@vuetify/loader-shared@^1.7.1":
  "integrity" "sha512-kLUvuAed6RCvkeeTNJzuy14pqnkur8lTuner7v7pNE/kVhPR97TuyXwBSBMR1cJeiLiOfu6SF5XlCYbXByEx1g=="
  "resolved" "https://registry.npmjs.org/@vuetify/loader-shared/-/loader-shared-1.7.1.tgz"
  "version" "1.7.1"
  dependencies:
    "find-cache-dir" "^3.3.2"
    "upath" "^2.0.1"

"asynckit@^0.4.0":
  "integrity" "sha512-Oei9OH4tRh0YqU3GxhX79dM/mwVgvbZJaSNaRk+bshkj0S5cfHcgYakreBjrHwatXKbz+IoIdYLxrKim2MjW0Q=="
  "resolved" "https://registry.npmjs.org/asynckit/-/asynckit-0.4.0.tgz"
  "version" "0.4.0"

"axios@^1.5.0":
  "integrity" "sha512-Q28iYCWzNHjAm+yEAot5QaAMxhMghWLFVf7rRdwhUI+c2jix2DUXjAHXVi+s1ibs3mjPO/cCgbA++3BjD0vP/A=="
  "resolved" "https://registry.npmjs.org/axios/-/axios-1.5.1.tgz"
  "version" "1.5.1"
  dependencies:
    "follow-redirects" "^1.15.0"
    "form-data" "^4.0.0"
    "proxy-from-env" "^1.1.0"

"bezier-easing@2.1.0":
  "integrity" "sha512-gbIqZ/eslnUFC1tjEvtz0sgx+xTK20wDnYMIA27VA04R7w6xxXQPZDbibjA9DTWZRA2CXtwHykkVzlCaAJAZig=="
  "resolved" "https://registry.npmjs.org/bezier-easing/-/bezier-easing-2.1.0.tgz"
  "version" "2.1.0"

"braces@^3.0.2":
  "integrity" "sha512-b8um+L1RzM3WDSzvhm6gIz1yfTbBt6YTlcEKAvsmqCZZFw46z626lVj9j1yEPW33H5H+lBQpZMP1k8l+78Ha0A=="
  "resolved" "https://registry.npmjs.org/braces/-/braces-3.0.2.tgz"
  "version" "3.0.2"
  dependencies:
    "fill-range" "^7.0.1"

"chart.js@^4.1.1", "chart.js@^4.4.0":
  "integrity" "sha512-vQEj6d+z0dcsKLlQvbKIMYFHd3t8W/7L2vfJIbYcfyPcRx92CsHqECpueN8qVGNlKyDcr5wBrYAYKnfu/9Q1hQ=="
  "resolved" "https://registry.npmjs.org/chart.js/-/chart.js-4.4.0.tgz"
  "version" "4.4.0"
  dependencies:
    "@kurkle/color" "^0.3.0"

"combined-stream@^1.0.8":
  "integrity" "sha512-FQN4MRfuJeHf7cBbBMJFXhKSDq+2kAArBlmRBvcvFE5BB1HZKXtSFASDhdlz9zOYwxh8lDdnvmMOe/+5cdoEdg=="
  "resolved" "https://registry.npmjs.org/combined-stream/-/combined-stream-1.0.8.tgz"
  "version" "1.0.8"
  dependencies:
    "delayed-stream" "~1.0.0"

"commondir@^1.0.1":
  "integrity" "sha512-W9pAhw0ja1Edb5GVdIF1mjZw/ASI0AlShXM83UUGe2DVr5TdAPEA1OA8m/g8zWp9x6On7gqufY+FatDbC3MDQg=="
  "resolved" "https://registry.npmjs.org/commondir/-/commondir-1.0.1.tgz"
  "version" "1.0.1"

"csstype@^3.1.1":
  "integrity" "sha512-I7K1Uu0MBPzaFKg4nI5Q7Vs2t+3gWWW648spaF+Rg7pI9ds18Ugn+lvg4SHczUdKlHI5LWBXyqfS8+DufyBsgQ=="
  "resolved" "https://registry.npmjs.org/csstype/-/csstype-3.1.2.tgz"
  "version" "3.1.2"

"debug@^4.3.3", "debug@^4.3.4":
  "integrity" "sha512-PRWFHuSU3eDtQJPvnNY7Jcket1j0t5OuOsFzPPzsekD52Zl8qUfFIPEiswXqIvHWGVHOgX+7G/vCNNhehwxfkQ=="
  "resolved" "https://registry.npmjs.org/debug/-/debug-4.3.4.tgz"
  "version" "4.3.4"
  dependencies:
    "ms" "2.1.2"

"delayed-stream@~1.0.0":
  "integrity" "sha512-ZySD7Nf91aLB0RxL4KGrKHBXl7Eds1DAmEdcoVawXnLD7SDhpNgtuII2aAkg7a7QS41jxPSZ17p4VdGnMHk3MQ=="
  "resolved" "https://registry.npmjs.org/delayed-stream/-/delayed-stream-1.0.0.tgz"
  "version" "1.0.0"

"esbuild@^0.18.10":
  "integrity" "sha512-ceqxoedUrcayh7Y7ZX6NdbbDzGROiyVBgC4PriJThBKSVPWnnFHZAkfI1lJT8QFkOwH4qOS2SJkS4wvpGl8BpA=="
  "resolved" "https://registry.npmjs.org/esbuild/-/esbuild-0.18.20.tgz"
  "version" "0.18.20"
  optionalDependencies:
    "@esbuild/android-arm" "0.18.20"
    "@esbuild/android-arm64" "0.18.20"
    "@esbuild/android-x64" "0.18.20"
    "@esbuild/darwin-arm64" "0.18.20"
    "@esbuild/darwin-x64" "0.18.20"
    "@esbuild/freebsd-arm64" "0.18.20"
    "@esbuild/freebsd-x64" "0.18.20"
    "@esbuild/linux-arm" "0.18.20"
    "@esbuild/linux-arm64" "0.18.20"
    "@esbuild/linux-ia32" "0.18.20"
    "@esbuild/linux-loong64" "0.18.20"
    "@esbuild/linux-mips64el" "0.18.20"
    "@esbuild/linux-ppc64" "0.18.20"
    "@esbuild/linux-riscv64" "0.18.20"
    "@esbuild/linux-s390x" "0.18.20"
    "@esbuild/linux-x64" "0.18.20"
    "@esbuild/netbsd-x64" "0.18.20"
    "@esbuild/openbsd-x64" "0.18.20"
    "@esbuild/sunos-x64" "0.18.20"
    "@esbuild/win32-arm64" "0.18.20"
    "@esbuild/win32-ia32" "0.18.20"
    "@esbuild/win32-x64" "0.18.20"

"estree-walker@^2.0.2":
  "integrity" "sha512-Rfkk/Mp/DL7JVje3u18FxFujQlTNR2q6QfMSMB7AvCBx91NGj/ba3kCfza0f6dVDbw7YlRf/nDrn7pQrCCyQ/w=="
  "resolved" "https://registry.npmjs.org/estree-walker/-/estree-walker-2.0.2.tgz"
  "version" "2.0.2"

"fast-glob@^3.2.12":
  "integrity" "sha512-kNFPyjhh5cKjrUltxs+wFx+ZkbRaxxmZ+X0ZU31SOsxCEtP9VPgtq2teZw1DebupL5GmDaNQ6yKMMVcM41iqDg=="
  "resolved" "https://registry.npmjs.org/fast-glob/-/fast-glob-3.3.1.tgz"
  "version" "3.3.1"
  dependencies:
    "@nodelib/fs.stat" "^2.0.2"
    "@nodelib/fs.walk" "^1.2.3"
    "glob-parent" "^5.1.2"
    "merge2" "^1.3.0"
    "micromatch" "^4.0.4"

"fastq@^1.6.0":
  "integrity" "sha512-wBrocU2LCXXa+lWBt8RoIRD89Fi8OdABODa/kEnyeyjS5aZO5/GNvI5sEINADqP/h8M29UHTHUb53sUu5Ihqdw=="
  "resolved" "https://registry.npmjs.org/fastq/-/fastq-1.15.0.tgz"
  "version" "1.15.0"
  dependencies:
    "reusify" "^1.0.4"

"fill-range@^7.0.1":
  "integrity" "sha512-qOo9F+dMUmC2Lcb4BbVvnKJxTPjCm+RRpe4gDuGrzkL7mEVl/djYSu2OdQ2Pa302N4oqkSg9ir6jaLWJ2USVpQ=="
  "resolved" "https://registry.npmjs.org/fill-range/-/fill-range-7.0.1.tgz"
  "version" "7.0.1"
  dependencies:
    "to-regex-range" "^5.0.1"

"find-cache-dir@^3.3.2":
  "integrity" "sha512-wXZV5emFEjrridIgED11OoUKLxiYjAcqot/NJdAkOhlJ+vGzwhOAfcG5OX1jP+S0PcjEn8bdMJv+g2jwQ3Onig=="
  "resolved" "https://registry.npmjs.org/find-cache-dir/-/find-cache-dir-3.3.2.tgz"
  "version" "3.3.2"
  dependencies:
    "commondir" "^1.0.1"
    "make-dir" "^3.0.2"
    "pkg-dir" "^4.1.0"

"find-up@^4.0.0":
  "integrity" "sha512-PpOwAdQ/YlXQ2vj8a3h8IipDuYRi3wceVQQGYWxNINccq40Anw7BlsEXCMbt1Zt+OLA6Fq9suIpIWD0OsnISlw=="
  "resolved" "https://registry.npmjs.org/find-up/-/find-up-4.1.0.tgz"
  "version" "4.1.0"
  dependencies:
    "locate-path" "^5.0.0"
    "path-exists" "^4.0.0"

"follow-redirects@^1.15.0":
  "integrity" "sha512-1VzOtuEM8pC9SFU1E+8KfTjZyMztRsgEfwQl44z8A25uy13jSzTj6dyK2Df52iV0vgHCfBwLhDWevLn95w5v6Q=="
  "resolved" "https://registry.npmjs.org/follow-redirects/-/follow-redirects-1.15.3.tgz"
  "version" "1.15.3"

"form-data@^4.0.0":
  "integrity" "sha512-ETEklSGi5t0QMZuiXoA/Q6vcnxcLQP5vdugSpuAyi6SVGi2clPPp+xgEhuMaHC+zGgn31Kd235W35f7Hykkaww=="
  "resolved" "https://registry.npmjs.org/form-data/-/form-data-4.0.0.tgz"
  "version" "4.0.0"
  dependencies:
    "asynckit" "^0.4.0"
    "combined-stream" "^1.0.8"
    "mime-types" "^2.1.12"

"fsevents@~2.3.2":
  "integrity" "sha512-5xoDfX+fL7faATnagmWPpbFtwh/R77WmMMqqHGS65C3vvB0YHrgF+B1YmZ3441tMj5n63k0212XNoJwzlhffQw=="
  "resolved" "https://registry.npmjs.org/fsevents/-/fsevents-2.3.3.tgz"
  "version" "2.3.3"

"glob-parent@^5.1.2":
  "integrity" "sha512-AOIgSQCepiJYwP3ARnGx+5VnTu2HBYdzbGP45eLw1vr3zB3vZLeyed1sC9hnbcOc9/SrMyM5RPQrkGz4aS9Zow=="
  "resolved" "https://registry.npmjs.org/glob-parent/-/glob-parent-5.1.2.tgz"
  "version" "5.1.2"
  dependencies:
    "is-glob" "^4.0.1"

"is-extglob@^2.1.1":
  "integrity" "sha512-SbKbANkN603Vi4jEZv49LeVJMn4yGwsbzZworEoyEiutsN3nJYdbO36zfhGJ6QEDpOZIFkDtnq5JRxmvl3jsoQ=="
  "resolved" "https://registry.npmjs.org/is-extglob/-/is-extglob-2.1.1.tgz"
  "version" "2.1.1"

"is-glob@^4.0.1":
  "integrity" "sha512-xelSayHH36ZgE7ZWhli7pW34hNbNl8Ojv5KVmkJD4hBdD3th8Tfk9vYasLM+mXWOZhFkgZfxhLSnrwRr4elSSg=="
  "resolved" "https://registry.npmjs.org/is-glob/-/is-glob-4.0.3.tgz"
  "version" "4.0.3"
  dependencies:
    "is-extglob" "^2.1.1"

"is-number@^7.0.0":
  "integrity" "sha512-41Cifkg6e8TylSpdtTpeLVMqvSBEVzTttHvERD741+pnZ8ANv0004MRL43QKPDlK9cGvNp6NZWZUBlbGXYxxng=="
  "resolved" "https://registry.npmjs.org/is-number/-/is-number-7.0.0.tgz"
  "version" "7.0.0"

"locate-path@^5.0.0":
  "integrity" "sha512-t7hw9pI+WvuwNJXwk5zVHpyhIqzg2qTlklJOf0mVxGSbe3Fp2VieZcduNYjaLDoy6p9uGpQEGWG87WpMKlNq8g=="
  "resolved" "https://registry.npmjs.org/locate-path/-/locate-path-5.0.0.tgz"
  "version" "5.0.0"
  dependencies:
    "p-locate" "^4.1.0"

"magic-string@^0.30.0":
  "integrity" "sha512-7xlpfBaQaP/T6Vh8MO/EqXSW5En6INHEvEXQiuff7Gku0PWjU3uf6w/j9o7O+SpB5fOAkrI5HeoNgwjEO0pFsA=="
  "resolved" "https://registry.npmjs.org/magic-string/-/magic-string-0.30.5.tgz"
  "version" "0.30.5"
  dependencies:
    "@jridgewell/sourcemap-codec" "^1.4.15"

"make-dir@^3.0.2":
  "integrity" "sha512-g3FeP20LNwhALb/6Cz6Dd4F2ngze0jz7tbzrD2wAV+o9FeNHe4rL+yK2md0J/fiSf1sa1ADhXqi5+oVwOM/eGw=="
  "resolved" "https://registry.npmjs.org/make-dir/-/make-dir-3.1.0.tgz"
  "version" "3.1.0"
  dependencies:
    "semver" "^6.0.0"

"merge2@^1.3.0":
  "integrity" "sha512-8q7VEgMJW4J8tcfVPy8g09NcQwZdbwFEqhe/WZkoIzjn/3TGDwtOCYtXGxA3O8tPzpczCCDgv+P2P5y00ZJOOg=="
  "resolved" "https://registry.npmjs.org/merge2/-/merge2-1.4.1.tgz"
  "version" "1.4.1"

"micromatch@^4.0.4":
  "integrity" "sha512-DMy+ERcEW2q8Z2Po+WNXuw3c5YaUSFjAO5GsJqfEl7UjvtIuFKO6ZrKvcItdy98dwFI2N1tg3zNIdKaQT+aNdA=="
  "resolved" "https://registry.npmjs.org/micromatch/-/micromatch-4.0.5.tgz"
  "version" "4.0.5"
  dependencies:
    "braces" "^3.0.2"
    "picomatch" "^2.3.1"

"mime-db@1.52.0":
  "integrity" "sha512-sPU4uV7dYlvtWJxwwxHD0PuihVNiE7TyAbQ5SWxDCB9mUYvOgroQOwYQQOKPJ8CIbE+1ETVlOoK1UC2nU3gYvg=="
  "resolved" "https://registry.npmjs.org/mime-db/-/mime-db-1.52.0.tgz"
  "version" "1.52.0"

"mime-types@^2.1.12":
  "integrity" "sha512-ZDY+bPm5zTTF+YpCrAU9nK0UgICYPT0QtT1NZWFv4s++TNkcgVaT0g6+4R2uI4MjQjzysHB1zxuWL50hzaeXiw=="
  "resolved" "https://registry.npmjs.org/mime-types/-/mime-types-2.1.35.tgz"
  "version" "2.1.35"
  dependencies:
    "mime-db" "1.52.0"

"ms@2.1.2":
  "integrity" "sha512-sGkPx+VjMtmA6MX27oA4FBFELFCZZ4S4XqeGOXCv68tT+jb3vk/RyaKWP0PTKyWtmLSM0b+adUTEvbs1PEaH2w=="
  "resolved" "https://registry.npmjs.org/ms/-/ms-2.1.2.tgz"
  "version" "2.1.2"

"nanoid@^3.3.6":
  "integrity" "sha512-BGcqMMJuToF7i1rt+2PWSNVnWIkGCU78jBG3RxO/bZlnZPK2Cmi2QaffxGO/2RvWi9sL+FAiRiXMgsyxQ1DIDA=="
  "resolved" "https://registry.npmjs.org/nanoid/-/nanoid-3.3.6.tgz"
  "version" "3.3.6"

"p-limit@^2.2.0":
  "integrity" "sha512-//88mFWSJx8lxCzwdAABTJL2MyWB12+eIY7MDL2SqLmAkeKU9qxRvWuSyTjm3FUmpBEMuFfckAIqEaVGUDxb6w=="
  "resolved" "https://registry.npmjs.org/p-limit/-/p-limit-2.3.0.tgz"
  "version" "2.3.0"
  dependencies:
    "p-try" "^2.0.0"

"p-locate@^4.1.0":
  "integrity" "sha512-R79ZZ/0wAxKGu3oYMlz8jy/kbhsNrS7SKZ7PxEHBgJ5+F2mtFW2fK2cOtBh1cHYkQsbzFV7I+EoRKe6Yt0oK7A=="
  "resolved" "https://registry.npmjs.org/p-locate/-/p-locate-4.1.0.tgz"
  "version" "4.1.0"
  dependencies:
    "p-limit" "^2.2.0"

"p-try@^2.0.0":
  "integrity" "sha512-R4nPAVTAU0B9D35/Gk3uJf/7XYbQcyohSKdvAxIRSNghFl4e71hVoGnBNQz9cWaXxO2I10KTC+3jMdvvoKw6dQ=="
  "resolved" "https://registry.npmjs.org/p-try/-/p-try-2.2.0.tgz"
  "version" "2.2.0"

"path-exists@^4.0.0":
  "integrity" "sha512-ak9Qy5Q7jYb2Wwcey5Fpvg2KoAc/ZIhLSLOSBmRmygPsGwkVVt0fZa0qrtMz+m6tJTAHfZQ8FnmB4MG4LWy7/w=="
  "resolved" "https://registry.npmjs.org/path-exists/-/path-exists-4.0.0.tgz"
  "version" "4.0.0"

"picocolors@^1.0.0":
  "integrity" "sha512-1fygroTLlHu66zi26VoTDv8yRgm0Fccecssto+MhsZ0D/DGW2sm8E8AjW7NU5VVTRt5GxbeZ5qBuJr+HyLYkjQ=="
  "resolved" "https://registry.npmjs.org/picocolors/-/picocolors-1.0.0.tgz"
  "version" "1.0.0"

"picomatch@^2.3.1":
  "integrity" "sha512-JU3teHTNjmE2VCGFzuY8EXzCDVwEqB2a8fsIvwaStHhAWJEeVd1o1QD80CU6+ZdEXXSLbSsuLwJjkCBWqRQUVA=="
  "resolved" "https://registry.npmjs.org/picomatch/-/picomatch-2.3.1.tgz"
  "version" "2.3.1"

"pkg-dir@^4.1.0":
  "integrity" "sha512-HRDzbaKjC+AOWVXxAU/x54COGeIv9eb+6CkDSQoNTt4XyWoIJvuPsXizxu/Fr23EiekbtZwmh1IcIG/l/a10GQ=="
  "resolved" "https://registry.npmjs.org/pkg-dir/-/pkg-dir-4.2.0.tgz"
  "version" "4.2.0"
  dependencies:
    "find-up" "^4.0.0"

"postcss@^8.1.10", "postcss@^8.4.27":
  "integrity" "sha512-7ZEao1g4kd68l97aWG/etQKPKq07us0ieSZ2TnFDk11i0ZfDW2AwKHYU8qv4MZKqN2fdBfg+7q0ES06UA73C1g=="
  "resolved" "https://registry.npmjs.org/postcss/-/postcss-8.4.30.tgz"
  "version" "8.4.30"
  dependencies:
    "nanoid" "^3.3.6"
    "picocolors" "^1.0.0"
    "source-map-js" "^1.0.2"

"preact@~10.12.1":
  "integrity" "sha512-l8386ixSsBdbreOAkqtrwqHwdvR35ID8c3rKPa8lCWuO86dBi32QWHV4vfsZK1utLLFMvw+Z5Ad4XLkZzchscg=="
  "resolved" "https://registry.npmjs.org/preact/-/preact-10.12.1.tgz"
  "version" "10.12.1"

"property-expr@^2.0.5":
  "integrity" "sha512-SVtmxhRE/CGkn3eZY1T6pC8Nln6Fr/lu1mKSgRud0eC73whjGfoAogbn78LkD8aFL0zz3bAFerKSnOl7NlErBA=="
  "resolved" "https://registry.npmjs.org/property-expr/-/property-expr-2.0.6.tgz"
  "version" "2.0.6"

"proxy-from-env@^1.1.0":
  "integrity" "sha512-D+zkORCbA9f1tdWRK0RaCR3GPv50cMxcrz4X8k5LTSUD1Dkw47mKJEZQNunItRTkWwgtaUSo1RVFRIG9ZXiFYg=="
  "resolved" "https://registry.npmjs.org/proxy-from-env/-/proxy-from-env-1.1.0.tgz"
  "version" "1.1.0"

"queue-microtask@^1.2.2":
  "integrity" "sha512-NuaNSa6flKT5JaSYQzJok04JzTL1CA6aGhv5rfLW3PgqA+M2ChpZQnAC8h8i4ZFkBS8X5RqkDBHA7r4hej3K9A=="
  "resolved" "https://registry.npmjs.org/queue-microtask/-/queue-microtask-1.2.3.tgz"
  "version" "1.2.3"

"reusify@^1.0.4":
  "integrity" "sha512-U9nH88a3fc/ekCF1l0/UP1IosiuIjyTh7hBvXVMHYgVcfGvt897Xguj2UOLDeI5BG2m7/uwyaLVT6fbtCwTyzw=="
  "resolved" "https://registry.npmjs.org/reusify/-/reusify-1.0.4.tgz"
  "version" "1.0.4"

"rollup@^3.27.1":
  "integrity" "sha512-CJouHoZ27v6siztc21eEQGo0kIcE5D1gVPA571ez0mMYb25LGYGKnVNXpEj5MGlepmDWGXNjDB5q7uNiPHC11A=="
  "resolved" "https://registry.npmjs.org/rollup/-/rollup-3.29.2.tgz"
  "version" "3.29.2"
  optionalDependencies:
    "fsevents" "~2.3.2"

"run-parallel@^1.1.9":
  "integrity" "sha512-5l4VyZR86LZ/lDxZTR6jqL8AFE2S0IFLMP26AbjsLVADxHdhB/c0GUsH+y39UfCi3dzz8OlQuPmnaJOMoDHQBA=="
  "resolved" "https://registry.npmjs.org/run-parallel/-/run-parallel-1.2.0.tgz"
  "version" "1.2.0"
  dependencies:
    "queue-microtask" "^1.2.2"

"semver@^6.0.0":
  "integrity" "sha512-BR7VvDCVHO+q2xBEWskxS6DJE1qRnb7DxzUrogb71CWoSficBxYsiAGd+Kl0mmq/MprG9yArRkyrQxTO6XjMzA=="
  "resolved" "https://registry.npmjs.org/semver/-/semver-6.3.1.tgz"
  "version" "6.3.1"

"source-map-js@^1.0.2":
  "integrity" "sha512-R0XvVJ9WusLiqTCEiGCmICCMplcCkIwwR11mOSD9CR5u+IXYdiseeEuXCVAjS54zqwkLcPNnmU4OeJ6tUrWhDw=="
  "resolved" "https://registry.npmjs.org/source-map-js/-/source-map-js-1.0.2.tgz"
  "version" "1.0.2"

"tiny-case@^1.0.3":
  "integrity" "sha512-Eet/eeMhkO6TX8mnUteS9zgPbUMQa4I6Kkp5ORiBD5476/m+PIRiumP5tmh5ioJpH7k51Kehawy2UDfsnxxY8Q=="
  "resolved" "https://registry.npmjs.org/tiny-case/-/tiny-case-1.0.3.tgz"
  "version" "1.0.3"

"to-regex-range@^5.0.1":
  "integrity" "sha512-65P7iz6X5yEr1cwcgvQxbbIw7Uk3gOy5dIdtZ4rDveLqhrdJP+Li/Hx6tyK0NEb+2GCyneCMJiGqrADCSNk8sQ=="
  "resolved" "https://registry.npmjs.org/to-regex-range/-/to-regex-range-5.0.1.tgz"
  "version" "5.0.1"
  dependencies:
    "is-number" "^7.0.0"

"toposort@^2.0.2":
  "integrity" "sha512-0a5EOkAUp8D4moMi2W8ZF8jcga7BgZd91O/yabJCFY8az+XSzeGyTKs0Aoo897iV1Nj6guFq8orWDS96z91oGg=="
  "resolved" "https://registry.npmjs.org/toposort/-/toposort-2.0.2.tgz"
  "version" "2.0.2"

"type-fest@^2.19.0":
  "integrity" "sha512-RAH822pAdBgcNMAfWnCBU3CFZcfZ/i1eZjwFU/dsLKumyuuP3niueg2UAukXYF0E2AAoc82ZSSf9J0WQBinzHA=="
  "resolved" "https://registry.npmjs.org/type-fest/-/type-fest-2.19.0.tgz"
  "version" "2.19.0"

"type-fest@^4.3.1":
  "integrity" "sha512-HT3RRs7sTfY22KuPQJkD/XjbTbxgP2Je5HPt6H6JEGvcjHd5Lqru75EbrP3tb4FYjNJ+DjLp+MNQTFQU0mhXNw=="
  "resolved" "https://registry.npmjs.org/type-fest/-/type-fest-4.4.0.tgz"
  "version" "4.4.0"

"typescript@^5.2.2", "typescript@>=4.7":
  "integrity" "sha512-mI4WrpHsbCIcwT9cF4FZvr80QUeKvsUsUvKDoR+X/7XHQH98xYD8YHZg7ANtz2GtZt/CBq2QJ0thkGJMHfqc1w=="
  "resolved" "https://registry.npmjs.org/typescript/-/typescript-5.2.2.tgz"
  "version" "5.2.2"

"upath@^2.0.1":
  "integrity" "sha512-1uEe95xksV1O0CYKXo8vQvN1JEbtJp7lb7C5U9HMsIp6IVwntkH/oNUzyVNQSd4S1sYk2FpSSW44FqMc8qee5w=="
  "resolved" "https://registry.npmjs.org/upath/-/upath-2.0.1.tgz"
  "version" "2.0.1"

"vee-validate@^4.5.8":
  "integrity" "sha512-ZuVpw0axWYBM3aVTD/bm94hcWHumqeUgNjptOqfBT0gyqyHaGYCrm0tSD/0bygEbWUDwEPJOQaEKaUGM82j8TQ=="
  "resolved" "https://registry.npmjs.org/vee-validate/-/vee-validate-4.11.8.tgz"
  "version" "4.11.8"
  dependencies:
    "@vue/devtools-api" "^6.5.0"
    "type-fest" "^4.3.1"

"vite-plugin-ruby@^3.2.2":
  "integrity" "sha512-cuHG1MajRWPR8YdfF6lvgsQRnKFEBRwZF//asFbRiI1psacxB5aPlHSvYZYxAu5IflrAa0MdR0HxEq+g98M3iQ=="
  "resolved" "https://registry.npmjs.org/vite-plugin-ruby/-/vite-plugin-ruby-3.2.2.tgz"
  "version" "3.2.2"
  dependencies:
    "debug" "^4.3.4"
    "fast-glob" "^3.2.12"

"vite-plugin-vuetify@^1.0.0-alpha.12", "vite-plugin-vuetify@^1.0.2":
  "integrity" "sha512-MubIcKD33O8wtgQXlbEXE7ccTEpHZ8nPpe77y9Wy3my2MWw/PgehP9VqTp92BLqr0R1dSL970Lynvisx3UxBFw=="
  "resolved" "https://registry.npmjs.org/vite-plugin-vuetify/-/vite-plugin-vuetify-1.0.2.tgz"
  "version" "1.0.2"
  dependencies:
    "@vuetify/loader-shared" "^1.7.1"
    "debug" "^4.3.3"
    "upath" "^2.0.1"

"vite@^2.7.0 || ^3.0.0 || ^4.0.0", "vite@^4.0.0", "vite@^4.4.9", "vite@>=4.0.0":
  "integrity" "sha512-2mbUn2LlUmNASWwSCNSJ/EG2HuSRTnVNaydp6vMCm5VIqJsjMfbIWtbH2kDuwUVW5mMUKKZvGPX/rqeqVvv1XA=="
  "resolved" "https://registry.npmjs.org/vite/-/vite-4.4.9.tgz"
  "version" "4.4.9"
  dependencies:
    "esbuild" "^0.18.10"
    "postcss" "^8.4.27"
    "rollup" "^3.27.1"
  optionalDependencies:
    "fsevents" "~2.3.2"

"vue-chartjs@^5.2.0":
  "integrity" "sha512-d3zpKmGZr2OWHQ1xmxBcAn5ShTG917+/UCLaSpaCDDqT0U7DBsvFzTs69ZnHCgKoXT55GZDW8YEj9Av+dlONLA=="
  "resolved" "https://registry.npmjs.org/vue-chartjs/-/vue-chartjs-5.2.0.tgz"
  "version" "5.2.0"

"vue-router@4":
  "integrity" "sha512-DIUpKcyg4+PTQKfFPX88UWhlagBEBEfJ5A8XDXRJLUnZOvcpMF8o/dnL90vpVkGaPbjvXazV/rC1qBKrZlFugw=="
  "resolved" "https://registry.npmjs.org/vue-router/-/vue-router-4.2.5.tgz"
  "version" "4.2.5"
  dependencies:
    "@vue/devtools-api" "^6.5.0"

"vue-scrollto@^2.20.0":
  "integrity" "sha512-7i+AGKJTThZnMEkhIPgrZjyAX+fXV7/rGdg+CV283uZZwCxwiMXaBLTmIc5RTA4uwGnT+E6eJle3mXQfM2OD3A=="
  "resolved" "https://registry.npmjs.org/vue-scrollto/-/vue-scrollto-2.20.0.tgz"
  "version" "2.20.0"
  dependencies:
    "bezier-easing" "2.1.0"

"vue@^3.0.0", "vue@^3.0.0-0 || ^2.7.0", "vue@^3.0.11", "vue@^3.2.0", "vue@^3.2.25", "vue@^3.3.4", "vue@3.3.4":
  "integrity" "sha512-VTyEYn3yvIeY1Py0WaYGZsXnz3y5UnGi62GjVEqvEGPl6nxbOrCXbVOTQWBEJUqAyTUk2uJ5JLVnYJ6ZzGbrSw=="
  "resolved" "https://registry.npmjs.org/vue/-/vue-3.3.4.tgz"
  "version" "3.3.4"
  dependencies:
    "@vue/compiler-dom" "3.3.4"
    "@vue/compiler-sfc" "3.3.4"
    "@vue/runtime-dom" "3.3.4"
    "@vue/server-renderer" "3.3.4"
    "@vue/shared" "3.3.4"

"vuetify@^3.0.0-beta.4", "vuetify@^3.3.20":
  "integrity" "sha512-CVC6MDC45H+IY8Nq5QO/lBhbSd/dg+IV46GKd+LIndriLoQXG+tFv31NQY++tOQgrKeZr6w2SUBMBxSZyHErfg=="
  "resolved" "https://registry.npmjs.org/vuetify/-/vuetify-3.3.21.tgz"
  "version" "3.3.21"

"vuex@^4.1.0":
  "integrity" "sha512-hmV6UerDrPcgbSy9ORAtNXDr9M4wlNP4pEFKye4ujJF8oqgFFuxDCdOLS3eNoRTtq5O3hoBDh9Doj1bQMYHRbQ=="
  "resolved" "https://registry.npmjs.org/vuex/-/vuex-4.1.0.tgz"
  "version" "4.1.0"
  dependencies:
    "@vue/devtools-api" "^6.0.0-beta.11"

"yup@^1.2.0":
  "integrity" "sha512-6KCM971iQtJ+/KUaHdrhVr2LDkfhBtFPRnsG1P8F4q3uUVQ2RfEM9xekpha9aA4GXWJevjM10eDcPQ1FfWlmaQ=="
  "resolved" "https://registry.npmjs.org/yup/-/yup-1.3.2.tgz"
  "version" "1.3.2"
  dependencies:
    "property-expr" "^2.0.5"
    "tiny-case" "^1.0.3"
    "toposort" "^2.0.2"
    "type-fest" "^2.19.0"
